
Microsoft Visual Studio Solution File, Format Version 12.00
# Visual Studio Version 17
VisualStudioVersion = 17.14.37012.4 d17.14
MinimumVisualStudioVersion = 10.0.40219.1
Project("{2150E333-8FDC-42A3-9474-1A3956D46DE8}") = "Src", "Src", "{02EA681E-C7D8-13C7-8484-4AC65E1B71E8}"
EndProject
Project("{2150E333-8FDC-42A3-9474-1A3956D46DE8}") = "Test", "Test", "{6C558CD5-F448-46E9-80E1-9F5EC3DD8E40}"
EndProject
Project("{FAE04EC0-301F-11D3-BF4B-00C04F79EFBC}") = "FeatureFlags.Api", "FeatureFlags.Api\FeatureFlags.Api.csproj", "{E466F18B-7CD1-493D-AA27-2787F5C977EB}"
EndProject
Project("{FAE04EC0-301F-11D3-BF4B-00C04F79EFBC}") = "FeatureFlags.Domain", "FeatureFlags.Domain\FeatureFlags.Domain.csproj", "{10A5BD02-7BA5-4DAC-B2D7-8201A07880C5}"
EndProject
Project("{FAE04EC0-301F-11D3-BF4B-00C04F79EFBC}") = "FeatureFlags.Application", "FeatureFlags.Application\FeatureFlags.Application.csproj", "{643317DC-228F-473A-8048-D4A5197E27EF}"
EndProject
Project("{FAE04EC0-301F-11D3-BF4B-00C04F79EFBC}") = "FeatureFlags.Infrastructure", "FeatureFlags.Infrastructure\FeatureFlags.Infrastructure.csproj", "{A27C944D-9B47-4F58-8F05-E4EB7010E446}"
EndProject
Project("{FAE04EC0-301F-11D3-BF4B-00C04F79EFBC}") = "FeatureFlags.UnitTests", "FeatureFlags.UnitTests\FeatureFlags.UnitTests.csproj", "{C5EB57DD-AF57-420E-9C35-43D551A6475A}"
EndProject
Global
	GlobalSection(SolutionConfigurationPlatforms) = preSolution
		Debug|Any CPU = Debug|Any CPU
		Release|Any CPU = Release|Any CPU
	EndGlobalSection
	GlobalSection(ProjectConfigurationPlatforms) = postSolution
		{E466F18B-7CD1-493D-AA27-2787F5C977EB}.Debug|Any CPU.ActiveCfg = Debug|Any CPU
		{E466F18B-7CD1-493D-AA27-2787F5C977EB}.Debug|Any CPU.Build.0 = Debug|Any CPU
		{E466F18B-7CD1-493D-AA27-2787F5C977EB}.Release|Any CPU.ActiveCfg = Release|Any CPU
		{E466F18B-7CD1-493D-AA27-2787F5C977EB}.Release|Any CPU.Build.0 = Release|Any CPU
		{10A5BD02-7BA5-4DAC-B2D7-8201A07880C5}.Debug|Any CPU.ActiveCfg = Debug|Any CPU
		{10A5BD02-7BA5-4DAC-B2D7-8201A07880C5}.Debug|Any CPU.Build.0 = Debug|Any CPU
		{10A5BD02-7BA5-4DAC-B2D7-8201A07880C5}.Release|Any CPU.ActiveCfg = Release|Any CPU
		{10A5BD02-7BA5-4DAC-B2D7-8201A07880C5}.Release|Any CPU.Build.0 = Release|Any CPU
		{643317DC-228F-473A-8048-D4A5197E27EF}.Debug|Any CPU.ActiveCfg = Debug|Any CPU
		{643317DC-228F-473A-8048-D4A5197E27EF}.Debug|Any CPU.Build.0 = Debug|Any CPU
		{643317DC-228F-473A-8048-D4A5197E27EF}.Release|Any CPU.ActiveCfg = Release|Any CPU
		{643317DC-228F-473A-8048-D4A5197E27EF}.Release|Any CPU.Build.0 = Release|Any CPU
		{A27C944D-9B47-4F58-8F05-E4EB7010E446}.Debug|Any CPU.ActiveCfg = Debug|Any CPU
		{A27C944D-9B47-4F58-8F05-E4EB7010E446}.Debug|Any CPU.Build.0 = Debug|Any CPU
		{A27C944D-9B47-4F58-8F05-E4EB7010E446}.Release|Any CPU.ActiveCfg = Release|Any CPU
		{A27C944D-9B47-4F58-8F05-E4EB7010E446}.Release|Any CPU.Build.0 = Release|Any CPU
		{C5EB57DD-AF57-420E-9C35-43D551A6475A}.Debug|Any CPU.ActiveCfg = Debug|Any CPU
		{C5EB57DD-AF57-420E-9C35-43D551A6475A}.Debug|Any CPU.Build.0 = Debug|Any CPU
		{C5EB57DD-AF57-420E-9C35-43D551A6475A}.Release|Any CPU.ActiveCfg = Release|Any CPU
		{C5EB57DD-AF57-420E-9C35-43D551A6475A}.Release|Any CPU.Build.0 = Release|Any CPU
	EndGlobalSection
	GlobalSection(SolutionProperties) = preSolution
		HideSolutionNode = FALSE
	EndGlobalSection
	GlobalSection(NestedProjects) = preSolution
		{E466F18B-7CD1-493D-AA27-2787F5C977EB} = {02EA681E-C7D8-13C7-8484-4AC65E1B71E8}
		{10A5BD02-7BA5-4DAC-B2D7-8201A07880C5} = {02EA681E-C7D8-13C7-8484-4AC65E1B71E8}
		{643317DC-228F-473A-8048-D4A5197E27EF} = {02EA681E-C7D8-13C7-8484-4AC65E1B71E8}
		{A27C944D-9B47-4F58-8F05-E4EB7010E446} = {02EA681E-C7D8-13C7-8484-4AC65E1B71E8}
		{C5EB57DD-AF57-420E-9C35-43D551A6475A} = {6C558CD5-F448-46E9-80E1-9F5EC3DD8E40}
	EndGlobalSection
	GlobalSection(ExtensibilityGlobals) = postSolution
		SolutionGuid = {00C541A6-3780-43B7-9604-5F56F21CD6C9}
	EndGlobalSection
EndGlobal
